// !$*UTF8*$!
{
	archiveVersion = 1;
	classes = {
	};
	objectVersion = 56;
	objects = {

		AA2031000000000000000001 = {isa = PBXFileReference; lastKnownFileType = sourcecode.swift; path = LaunchView.swift; sourceTree = "<group>"; };
		AA2031000000000000000002 = {isa = PBXBuildFile; fileRef = AA2031000000000000000001; };
		07BB6A9B5545B8A086B56433 = {isa = PBXBuildFile; fileRef = DBBE3B80996CEC38F22CE2D2; };
		1AD7B5EE77EEC83AD66F2401 = {isa = PBXBuildFile; fileRef = 82A072D37C5F24730676C812; };
		1F2EE18865BA2175D6B7602D = {isa = PBXFileReference; lastKnownFileType = sourcecode.swift; path = ScreenshotTextEngines.swift; sourceTree = "<group>"; };
		2307199B0F161804F6BF91FD = {isa = PBXFileReference; lastKnownFileType = sourcecode.swift; path = ScreenshotTextModels.swift; sourceTree = "<group>"; };
		3EB05C36779A79B55271777D = {isa = PBXBuildFile; fileRef = E59CCB07D0FB1E644C997120; };
		4E51A4041CD8FB1127963D1C = {isa = PBXBuildFile; fileRef = CF410E50F101D77D055F26D1; };
		4FA1C04E612BB1FFF661FA78 = {isa = PBXFileReference; lastKnownFileType = sourcecode.swift; path = ScreenshotTextSheet.swift; sourceTree = "<group>"; };
		646776F953900637A7E32334 = {isa = PBXBuildFile; fileRef = 8B0DFB041E6DF2A4A3FC07CD; };
		662EC333FABDB44EBA99BC14 = {isa = PBXBuildFile; fileRef = 2307199B0F161804F6BF91FD; };
		82A072D37C5F24730676C812 = {isa = PBXFileReference; lastKnownFileType = sourcecode.swift; path = SiyaqScreenshotUITests.swift; sourceTree = "<group>"; };
		8B0DFB041E6DF2A4A3FC07CD = {isa = PBXFileReference; lastKnownFileType = sourcecode.swift; path = TesseractTextRecognizer.swift; sourceTree = "<group>"; };
		A2D8C4413EFE2AA35099A8E6 = {isa = PBXBuildFile; fileRef = 4FA1C04E612BB1FFF661FA78; };
		A924011F1ED044FB58F80F67 = {isa = PBXBuildFile; fileRef = 1F2EE18865BA2175D6B7602D; };
		C0BC97C00063FA6682BA01C4 = {isa = PBXFileReference; lastKnownFileType = text.plist.xml; path = Info.Release.plist; sourceTree = "<group>"; };
		925C3E3272E02532B4AF8CC5 = {isa = PBXBuildFile; fileRef = AE197CF4EB1354512F819431; };
		AE197CF4EB1354512F819431 = {isa = PBXFileReference; lastKnownFileType = sourcecode.swift; path = SiyaqProtectionUITests.swift; sourceTree = "<group>"; };
		03EFAC95E19EB16E1CFBF0B6 = {isa = PBXBuildFile; fileRef = B3C77B63F29B273D75EC6FE5; };
		B3C77B63F29B273D75EC6FE5 = {isa = PBXFileReference; lastKnownFileType = sourcecode.swift; path = ReviewConsistencyTests.swift; sourceTree = "<group>"; };
		CF410E50F101D77D055F26D1 = {isa = PBXFileReference; lastKnownFileType = sourcecode.swift; path = ScreenshotTextController.swift; sourceTree = "<group>"; };
		DBBE3B80996CEC38F22CE2D2 = {isa = PBXFileReference; lastKnownFileType = sourcecode.swift; path = ScreenshotTextTests.swift; sourceTree = "<group>"; };
		DBC9B49B86EF890042BBCBF4 = {isa = PBXFileReference; lastKnownFileType = sourcecode.swift; path = ScreenshotTestSample.swift; sourceTree = "<group>"; };
		DC84EBA2806B7C225AFD8614 = {isa = PBXBuildFile; fileRef = 0F210B2D3275458FF3A92916; };
		0F210B2D3275458FF3A92916 = {isa = PBXFileReference; lastKnownFileType = sourcecode.swift; path = RequestLifecycleTests.swift; sourceTree = "<group>"; };
		3DF6DE96C5144AAD0F6C778A = {isa = PBXBuildFile; fileRef = 3B9AA2E3B692152070B6A9F1; };
		3B9AA2E3B692152070B6A9F1 = {isa = PBXFileReference; lastKnownFileType = sourcecode.swift; path = ExplanationContractTests.swift; sourceTree = "<group>"; };
		A21FBA16E85BF7B3C794F262 = {isa = PBXBuildFile; fileRef = 46F1BDF5507FCFE942000D73; };
		46F1BDF5507FCFE942000D73 = {isa = PBXFileReference; lastKnownFileType = sourcecode.swift; path = ReviewRoute.swift; sourceTree = "<group>"; };
		E59CCB07D0FB1E644C997120 = {isa = PBXFileReference; lastKnownFileType = sourcecode.swift; path = VisionArabicTests.swift; sourceTree = "<group>"; };
		F04EA3AFCF8A444D8F4442B8 = {isa = PBXBuildFile; fileRef = DBC9B49B86EF890042BBCBF4; };
		F4B16B6FB1D318E4FE44C51E = {isa = PBXBuildFile; fileRef = 8828E9DAE2D82E29393CD678; };
		8828E9DAE2D82E29393CD678 = {isa = PBXFileReference; lastKnownFileType = sourcecode.swift; path = Stage9DataProtectionTests.swift; sourceTree = "<group>"; };
		071D3A6E595445D8228D5FE4 = {isa = PBXFileReference; lastKnownFileType = sourcecode.swift; path = ExplanationController.swift; sourceTree = "<group>"; };
		0DEB45460A331BD74655C919 = {isa = PBXFileReference; lastKnownFileType = sourcecode.swift; path = BrandTokens.swift; sourceTree = "<group>"; };
		1BD7F6BB71D3B72ABF5309A2 = {isa = PBXBuildFile; fileRef = FF613879AFA2CE8B1C0F84E1; };
		2122A9186E09374362726570 = {isa = PBXFileReference; lastKnownFileType = sourcecode.swift; path = ExplanationModels.swift; sourceTree = "<group>"; };
		2FAEF48CBEFFCFF844FB0AC9 = {isa = PBXFileReference; lastKnownFileType = sourcecode.swift; path = SiyaqFlowUITests.swift; sourceTree = "<group>"; };
		3477D61AFB5455A1FC8A2B64 = {isa = PBXFileReference; lastKnownFileType = sourcecode.swift; path = ExplanationSection.swift; sourceTree = "<group>"; };
		4770FF38A3EBCA80010AB410 = {isa = PBXBuildFile; fileRef = 0DEB45460A331BD74655C919; };
		5E2C1F661878B86A8E67F090 = {isa = PBXBuildFile; fileRef = EFFFBAB068E77EB0CC7A1A66; };
		7199BD6609ACE615B26D3D9A = {isa = PBXFileReference; lastKnownFileType = sourcecode.swift; path = ExplanationService.swift; sourceTree = "<group>"; };
		858917ED5D47D949D0B2BE64 = {isa = PBXBuildFile; fileRef = 2122A9186E09374362726570; };
		8EFADD9869F90CF5097CAAA2 = {isa = PBXBuildFile; fileRef = FA8D126C56098655D4931CA8; };
		97ECC4D584820446BC89315F = {isa = PBXBuildFile; fileRef = A83B04B2CF6B8718FBC4C0CB; };
		A751A510E7BE35661C7A1AA0 = {isa = PBXBuildFile; fileRef = 2FAEF48CBEFFCFF844FB0AC9; };
		A83B04B2CF6B8718FBC4C0CB = {isa = PBXFileReference; lastKnownFileType = sourcecode.swift; path = PersistenceRobustnessTests.swift; sourceTree = "<group>"; };
		ABE816384EC993FF8FA3B988 = {isa = PBXBuildFile; fileRef = 071D3A6E595445D8228D5FE4; };
		B09BFEA7E7F14282E203C0C4 = {isa = PBXFileReference; lastKnownFileType = sourcecode.swift; path = UITestSupport.swift; sourceTree = "<group>"; };
		5A1C0E2B7D3F4A6B8C9D0E1F = {isa = PBXFileReference; lastKnownFileType = sourcecode.swift; path = SourceAndSearchTests.swift; sourceTree = "<group>"; };
		5A1C0E2B7D3F4A6B8C9D0E21 = {isa = PBXFileReference; lastKnownFileType = sourcecode.swift; path = ServiceConfigurationTests.swift; sourceTree = "<group>"; };
		BFBF1DB841E6C0EEA855D6CF = {isa = PBXFileReference; lastKnownFileType = sourcecode.swift; path = QualityTests.swift; sourceTree = "<group>"; };
		C7B04487BA38D1A04C416152 = {isa = PBXBuildFile; fileRef = 3477D61AFB5455A1FC8A2B64; };
		CFA47DBE28D32F1CEB7BAF64 = {isa = PBXBuildFile; fileRef = BFBF1DB841E6C0EEA855D6CF; };
		5A1C0E2B7D3F4A6B8C9D0E22 = {isa = PBXBuildFile; fileRef = 5A1C0E2B7D3F4A6B8C9D0E21; };
		5A1C0E2B7D3F4A6B8C9D0E20 = {isa = PBXBuildFile; fileRef = 5A1C0E2B7D3F4A6B8C9D0E1F; };
		E6797B6F4850084FDB74891C = {isa = PBXBuildFile; fileRef = B09BFEA7E7F14282E203C0C4; };
		EFFFBAB068E77EB0CC7A1A66 = {isa = PBXFileReference; lastKnownFileType = sourcecode.swift; path = ExplanationTests.swift; sourceTree = "<group>"; };
		F77A453B9442C16011F9F044 = {isa = PBXBuildFile; fileRef = 7199BD6609ACE615B26D3D9A; };
		FA8D126C56098655D4931CA8 = {isa = PBXFileReference; lastKnownFileType = sourcecode.swift; path = UITestSandboxTests.swift; sourceTree = "<group>"; };
		FF613879AFA2CE8B1C0F84E1 = {isa = PBXFileReference; lastKnownFileType = sourcecode.swift; path = UITestSandbox.swift; sourceTree = "<group>"; };
 A20000000000000000000001 = {isa = PBXFileReference; lastKnownFileType = folder.iconcomposer.icon; path = AppIcon.icon; sourceTree = "<group>"; };
 A20000000000000000000002 = {isa = PBXBuildFile; fileRef = A20000000000000000000001; };
        A10000000000000000000001 = {isa = PBXFileReference; lastKnownFileType = sourcecode.swift; path = SiyaqUITests.swift; sourceTree = "<group>"; };
        A10000000000000000000002 = {isa = PBXBuildFile; fileRef = A10000000000000000000001; };
        A10000000000000000000003 = {isa = PBXGroup; children = (AE197CF4EB1354512F819431, 2FAEF48CBEFFCFF844FB0AC9, B09BFEA7E7F14282E203C0C4, A10000000000000000000001, 82A072D37C5F24730676C812, ); path = SiyaqUITests; sourceTree = "<group>"; };
        A10000000000000000000004 = {isa = PBXSourcesBuildPhase; buildActionMask = 2147483647; files = (925C3E3272E02532B4AF8CC5, A751A510E7BE35661C7A1AA0, E6797B6F4850084FDB74891C, A10000000000000000000002, 1AD7B5EE77EEC83AD66F2401, ); runOnlyForDeploymentPostprocessing = 0; };
        A10000000000000000000005 = {isa = PBXFrameworksBuildPhase; buildActionMask = 2147483647; files = (); runOnlyForDeploymentPostprocessing = 0; };
        A10000000000000000000006 = {isa = PBXFileReference; explicitFileType = wrapper.cfbundle; includeInIndex = 0; path = SiyaqUITests.xctest; sourceTree = BUILT_PRODUCTS_DIR; };
        A10000000000000000000007 = {isa = PBXContainerItemProxy; containerPortal = 46F86FAA6BBF9AC94A7E4595; proxyType = 1; remoteGlobalIDString = 3CF92D32E5C5A22CDC3CB9A1; remoteInfo = Siyaq; };
        A10000000000000000000008 = {isa = PBXTargetDependency; target = 3CF92D32E5C5A22CDC3CB9A1; targetProxy = A10000000000000000000007; };
        A10000000000000000000009 = {isa = XCBuildConfiguration; buildSettings = { CODE_SIGN_STYLE = Automatic; GENERATE_INFOPLIST_FILE = YES; IPHONEOS_DEPLOYMENT_TARGET = 17.0; PRODUCT_BUNDLE_IDENTIFIER = app.siyaq.ios.dev.uitests; PRODUCT_NAME = "$(TARGET_NAME)"; SWIFT_VERSION = 5.0; TARGETED_DEVICE_FAMILY = 1; TEST_TARGET_NAME = Siyaq; }; name = Debug; };
        A1000000000000000000000A = {isa = XCBuildConfiguration; buildSettings = { CODE_SIGN_STYLE = Automatic; GENERATE_INFOPLIST_FILE = YES; IPHONEOS_DEPLOYMENT_TARGET = 17.0; PRODUCT_BUNDLE_IDENTIFIER = app.siyaq.ios.dev.uitests; PRODUCT_NAME = "$(TARGET_NAME)"; SWIFT_VERSION = 5.0; TARGETED_DEVICE_FAMILY = 1; TEST_TARGET_NAME = Siyaq; }; name = Release; };
        A1000000000000000000000B = {isa = XCConfigurationList; buildConfigurations = (A10000000000000000000009, A1000000000000000000000A, ); defaultConfigurationIsVisible = 0; defaultConfigurationName = Release; };
        A1000000000000000000000C = {isa = PBXNativeTarget; buildConfigurationList = A1000000000000000000000B; buildPhases = (A10000000000000000000004, A10000000000000000000005, ); buildRules = (); dependencies = (A10000000000000000000008, ); name = SiyaqUITests; productName = SiyaqUITests; productReference = A10000000000000000000006; productType = "com.apple.product-type.bundle.ui-testing"; };

		00765CD6B38E538A6CEB0E72 = {isa = PBXGroup; children = (DBB75D47D9A934EB5765E5FE, 12BB1060580A33311A1D6B9E, 287DABF058D0E3092731C59F, 652890CD8185E133763842AE, 095DC5F76CDCB431192EDDD4, DA258CBA38C87C66BF2F851E, ); path = PreviewSamples; sourceTree = "<group>"; };
		068B1703559D446A93E1BD5A = {isa = PBXNativeTarget; buildConfigurationList = 7AE2818CEBEAEF99AE1346E9; buildPhases = (8D8E5059ACBBA14BBF2B6F8D, 364304069EDB9F63214D4D52, 982E9C2DA3EFB0F612DBF6BB, ); buildRules = (); dependencies = (2254342BECCEAFBD04538E0A, ); name = SiyaqTests; productName = SiyaqTests; productReference = 8BE28B02FB479D82E8077889; productType = "com.apple.product-type.bundle.unit-test"; };
		089B3B830F25CBC40A34FEF1 = {isa = PBXGroup; children = (EF400BB97314BAC99945E960, ); path = App; sourceTree = "<group>"; };
		095DC5F76CDCB431192EDDD4 = {isa = PBXFileReference; lastKnownFileType = text.json; path = "05-full-no-tafsir.json"; sourceTree = "<group>"; };
		0DB927C69EF0E087AD2E2F5B = {isa = PBXFileReference; lastKnownFileType = sourcecode.swift; path = AppSettings.swift; sourceTree = "<group>"; };
		0E56805635841754AA306BA4 = {isa = PBXBuildFile; fileRef = 1F3B17F0B26A045D240A0F33; };
		0EBAF7E1B4EAD038CD4865EC = {isa = PBXBuildFile; fileRef = FA0A5DE5F8B5BF94914D78F0; };
		10B702358D9FC47DFB339256 = {isa = PBXGroup; children = (2122A9186E09374362726570, 31A8AEDC14C3FE992A0FD756, 2307199B0F161804F6BF91FD, ); path = Models; sourceTree = "<group>"; };
		12BB1060580A33311A1D6B9E = {isa = PBXFileReference; lastKnownFileType = text.json; path = "02-choices.json"; sourceTree = "<group>"; };
		18A3EFA25901EC5182A4C000 = {isa = PBXGroup; children = (34029B8F0C3D4227F1296972, ); path = Stores; sourceTree = "<group>"; };
		198E6B05FF9F2CDFFD32EB95 = {isa = PBXGroup; children = (AB074ABB86000147F621FFA5, E4BF3922C3EE33D15B3516D9, ); path = Fonts; sourceTree = "<group>"; };
		1A4045FB2A7E3013AE886C61 = {isa = PBXBuildFile; fileRef = A29481B6E933652EA6B5D8F4; };
		1AFE9EB882BE442F4C825131 = {isa = PBXFileReference; lastKnownFileType = sourcecode.swift; path = ReviewSessionTests.swift; sourceTree = "<group>"; };
		1B5BAD7C942CEA2F99E8FA30 = {isa = PBXBuildFile; fileRef = E4BF3922C3EE33D15B3516D9; };
		1C95EB4C1043A0981AE21157 = {isa = PBXBuildFile; fileRef = 3CA4D95DCFB945107A91B10F; };
		1F3B17F0B26A045D240A0F33 = {isa = PBXFileReference; lastKnownFileType = sourcecode.swift; path = HomeView.swift; sourceTree = "<group>"; };
		2254342BECCEAFBD04538E0A = {isa = PBXTargetDependency; target = 3CF92D32E5C5A22CDC3CB9A1; targetProxy = 431387EB7262E1CFC79B125E; };
        2636718686DF5222DF828F24 = {isa = XCBuildConfiguration; buildSettings = { ASSETCATALOG_COMPILER_APPICON_NAME = AppIcon; ASSETCATALOG_COMPILER_GENERATE_SWIFT_ASSET_SYMBOL_EXTENSIONS = NO; CODE_SIGN_STYLE = Automatic; CURRENT_PROJECT_VERSION = 24; ENABLE_PREVIEWS = YES; GENERATE_INFOPLIST_FILE = NO; INFOPLIST_FILE = Siyaq/Info.plist; SIYAQ_SERVICE_BASE_URL = "https://www.mysiyaq.com"; IPHONEOS_DEPLOYMENT_TARGET = 17.0; LD_RUNPATH_SEARCH_PATHS = ("$(inherited)", "@executable_path/Frameworks", ); MARKETING_VERSION = 1.0; PRODUCT_BUNDLE_IDENTIFIER = app.siyaq.ios.dev; PRODUCT_NAME = "$(TARGET_NAME)"; SUPPORTED_PLATFORMS = "iphoneos iphonesimulator"; SUPPORTS_MACCATALYST = NO; SUPPORTS_MAC_DESIGNED_FOR_IPHONE_IPAD = NO; SWIFT_EMIT_LOC_STRINGS = NO; SWIFT_VERSION = 5.0; TARGETED_DEVICE_FAMILY = 1; }; name = Debug; };
		2742A6A618217768C9C199F2 = {isa = PBXGroup; children = (B3C77B63F29B273D75EC6FE5, 0F210B2D3275458FF3A92916, 3B9AA2E3B692152070B6A9F1, 8828E9DAE2D82E29393CD678, EFFFBAB068E77EB0CC7A1A66, A83B04B2CF6B8718FBC4C0CB, BFBF1DB841E6C0EEA855D6CF, 5A1C0E2B7D3F4A6B8C9D0E21, 5A1C0E2B7D3F4A6B8C9D0E1F, FA8D126C56098655D4931CA8, 3EC5EB5EC08AEABE6D61B168, 42190F800122C3E060461A79, 1AFE9EB882BE442F4C825131, E0820CF1A714E3FB57A67AA8, 97D02768A250FFE02D0159E2, DBBE3B80996CEC38F22CE2D2, E59CCB07D0FB1E644C997120, ); path = SiyaqTests; sourceTree = "<group>"; };
		287DABF058D0E3092731C59F = {isa = PBXFileReference; lastKnownFileType = text.json; path = "03-possible.json"; sourceTree = "<group>"; };
		2F2E52AD5438D11C77B69737 = {isa = PBXBuildFile; fileRef = A97A0B052DE12361BC11FDF2; };
		31A8AEDC14C3FE992A0FD756 = {isa = PBXFileReference; lastKnownFileType = sourcecode.swift; path = ReviewModels.swift; sourceTree = "<group>"; };
		328F86632844A0C2EB2B2A83 = {isa = PBXFileReference; lastKnownFileType = sourcecode.swift; path = PreviewLibrary.swift; sourceTree = "<group>"; };
		34029B8F0C3D4227F1296972 = {isa = PBXFileReference; lastKnownFileType = sourcecode.swift; path = SavedResultsStore.swift; sourceTree = "<group>"; };
		359ACE7AB052A405190F3590 = {isa = PBXBuildFile; fileRef = 328F86632844A0C2EB2B2A83; };
		364304069EDB9F63214D4D52 = {isa = PBXFrameworksBuildPhase; buildActionMask = 2147483647; files = (); runOnlyForDeploymentPostprocessing = 0; };
		3879A25EF77156D9E808028A = {isa = PBXGroup; children = ( 7199BD6609ACE615B26D3D9A, 0DB927C69EF0E087AD2E2F5B, A97A0B052DE12361BC11FDF2, 328F86632844A0C2EB2B2A83, ABCAFA187F6DD6C8A4569223, AE07CF522544632F8D5A6C71, 1F2EE18865BA2175D6B7602D, 8B0DFB041E6DF2A4A3FC07CD, ); path = Services; sourceTree = "<group>"; };
		395C914C29F52B3D3EBB4EC5 = {isa = PBXFileReference; lastKnownFileType = sourcecode.swift; path = StateViews.swift; sourceTree = "<group>"; };
		3A3BBB16F3576986666025EB = {isa = PBXFileReference; lastKnownFileType = text.xml; path = PrivacyInfo.xcprivacy; sourceTree = "<group>"; };
		3AA4242D4D9AFA10137EB97B = {isa = XCBuildConfiguration; buildSettings = { ALWAYS_SEARCH_USER_PATHS = NO; CLANG_ENABLE_MODULES = YES; CLANG_ENABLE_OBJC_ARC = YES; COPY_PHASE_STRIP = NO; DEBUG_INFORMATION_FORMAT = dwarf; ENABLE_STRICT_OBJC_MSGSEND = YES; ENABLE_TESTABILITY = YES; ENABLE_USER_SCRIPT_SANDBOXING = YES; GCC_C_LANGUAGE_STANDARD = gnu17; GCC_DYNAMIC_NO_PIC = NO; GCC_NO_COMMON_BLOCKS = YES; GCC_OPTIMIZATION_LEVEL = 0; GCC_PREPROCESSOR_DEFINITIONS = ("DEBUG=1", "$(inherited)", ); IPHONEOS_DEPLOYMENT_TARGET = 17.0; LOCALIZATION_PREFERS_STRING_CATALOGS = YES; MTL_ENABLE_DEBUG_INFO = INCLUDE_SOURCE; ONLY_ACTIVE_ARCH = YES; SDKROOT = iphoneos; SWIFT_ACTIVE_COMPILATION_CONDITIONS = "DEBUG $(inherited)"; SWIFT_OPTIMIZATION_LEVEL = "-Onone"; SWIFT_VERSION = 5.0; }; name = Debug; };
		3CA4D95DCFB945107A91B10F = {isa = PBXFileReference; lastKnownFileType = sourcecode.swift; path = ResultPanels.swift; sourceTree = "<group>"; };
		3CF92D32E5C5A22CDC3CB9A1 = {isa = PBXNativeTarget; buildConfigurationList = 942A12A35CEE2483F371B707; buildPhases = (EAE6687B2B9209E983AD92D2, 524BB54CFC074FFA52265954, D651DEDC93CDF4937A135CB6, ); buildRules = (); dependencies = (); name = Siyaq; productName = Siyaq; productReference = 571CD3829D85311D5626CD79; productType = "com.apple.product-type.application"; };
		3E7CC64E2C14A22911D3DC56 = {isa = PBXBuildFile; fileRef = 3EC5EB5EC08AEABE6D61B168; };
		3EC5EB5EC08AEABE6D61B168 = {isa = PBXFileReference; lastKnownFileType = sourcecode.swift; path = ReviewModelsTests.swift; sourceTree = "<group>"; };
        40523ECFF92402CD199673C7 = {isa = XCBuildConfiguration; buildSettings = { BUNDLE_LOADER = "$(TEST_HOST)"; CODE_SIGN_STYLE = Automatic; CURRENT_PROJECT_VERSION = 24; GENERATE_INFOPLIST_FILE = YES; IPHONEOS_DEPLOYMENT_TARGET = 17.0; MARKETING_VERSION = 1.0; PRODUCT_BUNDLE_IDENTIFIER = app.siyaq.ios.dev.tests; PRODUCT_NAME = "$(TARGET_NAME)"; SWIFT_EMIT_LOC_STRINGS = NO; SWIFT_VERSION = 5.0; TARGETED_DEVICE_FAMILY = 1; TEST_HOST = "$(BUILT_PRODUCTS_DIR)/Siyaq.app/$(BUNDLE_EXECUTABLE_FOLDER_PATH)/Siyaq"; }; name = Release; };
		42190F800122C3E060461A79 = {isa = PBXFileReference; lastKnownFileType = sourcecode.swift; path = ReviewServiceTests.swift; sourceTree = "<group>"; };
		431387EB7262E1CFC79B125E = {isa = PBXContainerItemProxy; containerPortal = 46F86FAA6BBF9AC94A7E4595; proxyType = 1; remoteGlobalIDString = 3CF92D32E5C5A22CDC3CB9A1; remoteInfo = Siyaq; };
		46F86FAA6BBF9AC94A7E4595 = {isa = PBXProject; attributes = {BuildIndependentTargetsInParallel = 1; LastSwiftUpdateCheck = 1500; LastUpgradeCheck = 1500; TargetAttributes = {3CF92D32E5C5A22CDC3CB9A1 = {CreatedOnToolsVersion = 15.0; }; 068B1703559D446A93E1BD5A = {CreatedOnToolsVersion = 15.0; TestTargetID = 3CF92D32E5C5A22CDC3CB9A1; }; }; }; buildConfigurationList = C28315487D52A6FE2BD0C12D; compatibilityVersion = "Xcode 14.0"; developmentRegion = ar; hasScannedForEncodings = 0; knownRegions = (ar, Base, ); mainGroup = 956934E60556FDCE0710C957; productRefGroup = CC0F68FE2D81F9614883F277; projectDirPath = ""; projectRoot = ""; targets = (3CF92D32E5C5A22CDC3CB9A1, 068B1703559D446A93E1BD5A, A1000000000000000000000C, ); };
		4AE8C74C044B2961C51C7233 = {isa = PBXFileReference; lastKnownFileType = sourcecode.swift; path = ResultDetailView.swift; sourceTree = "<group>"; };
		524BB54CFC074FFA52265954 = {isa = PBXFrameworksBuildPhase; buildActionMask = 2147483647; files = (); runOnlyForDeploymentPostprocessing = 0; };
        5478A97A1EC0D82CC639CAD9 = {isa = XCBuildConfiguration; buildSettings = { BUNDLE_LOADER = "$(TEST_HOST)"; CODE_SIGN_STYLE = Automatic; CURRENT_PROJECT_VERSION = 24; GENERATE_INFOPLIST_FILE = YES; IPHONEOS_DEPLOYMENT_TARGET = 17.0; MARKETING_VERSION = 1.0; PRODUCT_BUNDLE_IDENTIFIER = app.siyaq.ios.dev.tests; PRODUCT_NAME = "$(TARGET_NAME)"; SWIFT_EMIT_LOC_STRINGS = NO; SWIFT_VERSION = 5.0; TARGETED_DEVICE_FAMILY = 1; TEST_HOST = "$(BUILT_PRODUCTS_DIR)/Siyaq.app/$(BUNDLE_EXECUTABLE_FOLDER_PATH)/Siyaq"; }; name = Debug; };
		571CD3829D85311D5626CD79 = {isa = PBXFileReference; explicitFileType = wrapper.application; includeInIndex = 0; path = Siyaq.app; sourceTree = BUILT_PRODUCTS_DIR; };
		57FA1931594A7133EECD525F = {isa = PBXFileReference; lastKnownFileType = sourcecode.swift; path = ReviewSession.swift; sourceTree = "<group>"; };
		587B2EE40381BDB24CA30294 = {isa = PBXGroup; children = (C0BC97C00063FA6682BA01C4, 089B3B830F25CBC40A34FEF1, 74D2265762C21662AB79D340, AE7BEA72812560BC58029187, 10B702358D9FC47DFB339256, BCEB2CAAC027C33EF7ACFE80, 3879A25EF77156D9E808028A, 975C10F2778430DD65DBEADA, 18A3EFA25901EC5182A4C000, B0D034DAD996C3DB503C454B, 8897BC6C5395AEC4804A01A0, ); path = Siyaq; sourceTree = "<group>"; };
		5C7730696AFF6F23CFCBFD54 = {isa = PBXBuildFile; fileRef = C74B9F48767134F94672A33F; };
		608046EA07CBE091B693D1D6 = {isa = PBXFileReference; lastKnownFileType = sourcecode.swift; path = Theme.swift; sourceTree = "<group>"; };
		63ED766F7E7C8AFA235FC3EA = {isa = PBXBuildFile; fileRef = 42190F800122C3E060461A79; };
		652890CD8185E133763842AE = {isa = PBXFileReference; lastKnownFileType = text.json; path = "04-not-found.json"; sourceTree = "<group>"; };
		65610220C51E2AD19F71563E = {isa = PBXBuildFile; fileRef = DA258CBA38C87C66BF2F851E; };
		65730F9029357088F1B131D6 = {isa = PBXBuildFile; fileRef = 31A8AEDC14C3FE992A0FD756; };
		66FECE6B1ABD2F91CAE35769 = {isa = PBXBuildFile; fileRef = 3A3BBB16F3576986666025EB; };
		6C21DFFEF0A166FBE20154B4 = {isa = PBXBuildFile; fileRef = 095DC5F76CDCB431192EDDD4; };
		7069C7BEE0EB4D86101B375B = {isa = PBXBuildFile; fileRef = AE07CF522544632F8D5A6C71; };
		74D2265762C21662AB79D340 = {isa = PBXGroup; children = (0DEB45460A331BD74655C919, C74B9F48767134F94672A33F, 608046EA07CBE091B693D1D6, ); path = Design; sourceTree = "<group>"; };
		77B598D7104CB1E7BB53FFEE = {isa = PBXBuildFile; fileRef = 12BB1060580A33311A1D6B9E; };
		7AE2818CEBEAEF99AE1346E9 = {isa = XCConfigurationList; buildConfigurations = (5478A97A1EC0D82CC639CAD9, 40523ECFF92402CD199673C7, ); defaultConfigurationIsVisible = 0; defaultConfigurationName = Release; };
		7E56F90F29402DE2793AB3BE = {isa = PBXBuildFile; fileRef = AF0C8C7CEE8E95EA2861E3C8; };
		8897BC6C5395AEC4804A01A0 = {isa = PBXGroup; children = (AA2031000000000000000001, 3477D61AFB5455A1FC8A2B64, AF0C8C7CEE8E95EA2861E3C8, C3C676FC5E467C62EE7D147C, 1F3B17F0B26A045D240A0F33, 4AE8C74C044B2961C51C7233, 3CA4D95DCFB945107A91B10F, B4FE387301D3171529BE9D4E, 8EAE81CD3BDD4AB44AB5BE72, 395C914C29F52B3D3EBB4EC5, 4FA1C04E612BB1FFF661FA78, ); path = Views; sourceTree = "<group>"; };
		8952B63A4515038AE7034F34 = {isa = PBXBuildFile; fileRef = 608046EA07CBE091B693D1D6; };
		89EF4E6C6AE2E82097ADF68F = {isa = PBXBuildFile; fileRef = E0820CF1A714E3FB57A67AA8; };
		8BE28B02FB479D82E8077889 = {isa = PBXFileReference; explicitFileType = wrapper.cfbundle; includeInIndex = 0; path = SiyaqTests.xctest; sourceTree = BUILT_PRODUCTS_DIR; };
		8D8E5059ACBBA14BBF2B6F8D = {isa = PBXSourcesBuildPhase; buildActionMask = 2147483647; files = (03EFAC95E19EB16E1CFBF0B6, DC84EBA2806B7C225AFD8614, 3DF6DE96C5144AAD0F6C778A, F4B16B6FB1D318E4FE44C51E, 5E2C1F661878B86A8E67F090, 97ECC4D584820446BC89315F, CFA47DBE28D32F1CEB7BAF64, 5A1C0E2B7D3F4A6B8C9D0E22, 5A1C0E2B7D3F4A6B8C9D0E20, 8EFADD9869F90CF5097CAAA2, 3E7CC64E2C14A22911D3DC56, 63ED766F7E7C8AFA235FC3EA, DCC511A6C975A2B3F4070938, 89EF4E6C6AE2E82097ADF68F, E8F175E214972F97987902E6, 07BB6A9B5545B8A086B56433, 3EB05C36779A79B55271777D, ); runOnlyForDeploymentPostprocessing = 0; };
		8EAE81CD3BDD4AB44AB5BE72 = {isa = PBXFileReference; lastKnownFileType = sourcecode.swift; path = SavedViews.swift; sourceTree = "<group>"; };
		942A12A35CEE2483F371B707 = {isa = XCConfigurationList; buildConfigurations = (2636718686DF5222DF828F24, C53ADD6B7860FE6AA98FA465, ); defaultConfigurationIsVisible = 0; defaultConfigurationName = Release; };
		956934E60556FDCE0710C957 = {isa = PBXGroup; children = (587B2EE40381BDB24CA30294, 2742A6A618217768C9C199F2, A10000000000000000000003, CC0F68FE2D81F9614883F277, ); sourceTree = "<group>"; };
		975C10F2778430DD65DBEADA = {isa = PBXGroup; children = (46F1BDF5507FCFE942000D73, 071D3A6E595445D8228D5FE4, 57FA1931594A7133EECD525F, CF410E50F101D77D055F26D1, ); path = Session; sourceTree = "<group>"; };
		97D02768A250FFE02D0159E2 = {isa = PBXFileReference; lastKnownFileType = sourcecode.swift; path = TestSupport.swift; sourceTree = "<group>"; };
		982E9C2DA3EFB0F612DBF6BB = {isa = PBXResourcesBuildPhase; buildActionMask = 2147483647; files = (); runOnlyForDeploymentPostprocessing = 0; };
		9DCFE897F9523C4AB156E119 = {isa = PBXBuildFile; fileRef = C3C676FC5E467C62EE7D147C; };
		A29481B6E933652EA6B5D8F4 = {isa = PBXFileReference; lastKnownFileType = folder.assetcatalog; path = Assets.xcassets; sourceTree = "<group>"; };
		A97A0B052DE12361BC11FDF2 = {isa = PBXFileReference; lastKnownFileType = sourcecode.swift; path = Endpoints.swift; sourceTree = "<group>"; };
		AB074ABB86000147F621FFA5 = {isa = PBXFileReference; lastKnownFileType = file; path = "Harir-Bold.otf"; sourceTree = "<group>"; };
		ABCAFA187F6DD6C8A4569223 = {isa = PBXFileReference; lastKnownFileType = sourcecode.swift; path = ReviewError.swift; sourceTree = "<group>"; };
		AE07CF522544632F8D5A6C71 = {isa = PBXFileReference; lastKnownFileType = sourcecode.swift; path = ReviewService.swift; sourceTree = "<group>"; };
		AE7BEA72812560BC58029187 = {isa = PBXFileReference; lastKnownFileType = text.plist.xml; path = Info.plist; sourceTree = "<group>"; };
		AF0C8C7CEE8E95EA2861E3C8 = {isa = PBXFileReference; lastKnownFileType = sourcecode.swift; path = AboutView.swift; sourceTree = "<group>"; };
		B0045B01B6A5FDFB0DBD605C = {isa = XCBuildConfiguration; buildSettings = { ALWAYS_SEARCH_USER_PATHS = NO; CLANG_ENABLE_MODULES = YES; CLANG_ENABLE_OBJC_ARC = YES; COPY_PHASE_STRIP = NO; DEBUG_INFORMATION_FORMAT = "dwarf-with-dsym"; ENABLE_NS_ASSERTIONS = NO; ENABLE_STRICT_OBJC_MSGSEND = YES; ENABLE_USER_SCRIPT_SANDBOXING = YES; GCC_C_LANGUAGE_STANDARD = gnu17; GCC_NO_COMMON_BLOCKS = YES; IPHONEOS_DEPLOYMENT_TARGET = 17.0; LOCALIZATION_PREFERS_STRING_CATALOGS = YES; MTL_ENABLE_DEBUG_INFO = NO; SDKROOT = iphoneos; SWIFT_COMPILATION_MODE = wholemodule; SWIFT_OPTIMIZATION_LEVEL = "-O"; SWIFT_VERSION = 5.0; VALIDATE_PRODUCT = YES; }; name = Release; };
		B0388518C204DFBA73AF24B5 = {isa = PBXBuildFile; fileRef = 395C914C29F52B3D3EBB4EC5; };
		B0D034DAD996C3DB503C454B = {isa = PBXGroup; children = (FF613879AFA2CE8B1C0F84E1, FA0A5DE5F8B5BF94914D78F0, DBC9B49B86EF890042BBCBF4, ); path = Support; sourceTree = "<group>"; };
		B4FE387301D3171529BE9D4E = {isa = PBXFileReference; lastKnownFileType = sourcecode.swift; path = ReviewOutcomeScreen.swift; sourceTree = "<group>"; };
		B5AF3A866BA55C068FF66FCE = {isa = PBXBuildFile; fileRef = 34029B8F0C3D4227F1296972; };
		BCEB2CAAC027C33EF7ACFE80 = {isa = PBXGroup; children = ( A20000000000000000000001, A29481B6E933652EA6B5D8F4, 198E6B05FF9F2CDFFD32EB95, 00765CD6B38E538A6CEB0E72, 3A3BBB16F3576986666025EB, ); path = Resources; sourceTree = "<group>"; };
		BD57570CE01F1BDB61ACDC4C = {isa = PBXBuildFile; fileRef = ABCAFA187F6DD6C8A4569223; };
		C28315487D52A6FE2BD0C12D = {isa = XCConfigurationList; buildConfigurations = (3AA4242D4D9AFA10137EB97B, B0045B01B6A5FDFB0DBD605C, ); defaultConfigurationIsVisible = 0; defaultConfigurationName = Release; };
		C3C676FC5E467C62EE7D147C = {isa = PBXFileReference; lastKnownFileType = sourcecode.swift; path = CandidateListView.swift; sourceTree = "<group>"; };
        C53ADD6B7860FE6AA98FA465 = {isa = XCBuildConfiguration; buildSettings = { EXCLUDED_SOURCE_FILE_NAMES = ("Harir-Regular.otf", "Harir-Bold.otf", ); ASSETCATALOG_COMPILER_APPICON_NAME = AppIcon; ASSETCATALOG_COMPILER_GENERATE_SWIFT_ASSET_SYMBOL_EXTENSIONS = NO; CODE_SIGN_STYLE = Automatic; CURRENT_PROJECT_VERSION = 24; ENABLE_PREVIEWS = YES; GENERATE_INFOPLIST_FILE = NO; INFOPLIST_FILE = Siyaq/Info.Release.plist; SIYAQ_SERVICE_BASE_URL = "https://www.mysiyaq.com"; IPHONEOS_DEPLOYMENT_TARGET = 17.0; LD_RUNPATH_SEARCH_PATHS = ("$(inherited)", "@executable_path/Frameworks", ); MARKETING_VERSION = 1.0; PRODUCT_BUNDLE_IDENTIFIER = app.siyaq.ios; PRODUCT_NAME = "$(TARGET_NAME)"; SUPPORTED_PLATFORMS = "iphoneos iphonesimulator"; SUPPORTS_MACCATALYST = NO; SUPPORTS_MAC_DESIGNED_FOR_IPHONE_IPAD = NO; SWIFT_EMIT_LOC_STRINGS = NO; SWIFT_VERSION = 5.0; TARGETED_DEVICE_FAMILY = 1; }; name = Release; };
		C5B62A356870BA2FF2C1429F = {isa = PBXBuildFile; fileRef = 57FA1931594A7133EECD525F; };
		C74B9F48767134F94672A33F = {isa = PBXFileReference; lastKnownFileType = sourcecode.swift; path = Components.swift; sourceTree = "<group>"; };
		CAA31CC1AA2ED79646AE5BFB = {isa = PBXBuildFile; fileRef = 287DABF058D0E3092731C59F; };
		CBFF1B219AFC3A18166C3A13 = {isa = PBXBuildFile; fileRef = AB074ABB86000147F621FFA5; };
		CC0F68FE2D81F9614883F277 = {isa = PBXGroup; children = (571CD3829D85311D5626CD79, 8BE28B02FB479D82E8077889, A10000000000000000000006, ); name = Products; sourceTree = "<group>"; };
		D651DEDC93CDF4937A135CB6 = {isa = PBXResourcesBuildPhase; buildActionMask = 2147483647; files = (  A20000000000000000000002, 1A4045FB2A7E3013AE886C61, CBFF1B219AFC3A18166C3A13, 1B5BAD7C942CEA2F99E8FA30, FA5ACB212B37EBAA22C49EA5, 77B598D7104CB1E7BB53FFEE, CAA31CC1AA2ED79646AE5BFB, FE4327643076069C6ECFC3EA, 6C21DFFEF0A166FBE20154B4, 65610220C51E2AD19F71563E, 66FECE6B1ABD2F91CAE35769, ); runOnlyForDeploymentPostprocessing = 0; };
		DA258CBA38C87C66BF2F851E = {isa = PBXFileReference; lastKnownFileType = text.json; path = "06-selected-possible.json"; sourceTree = "<group>"; };
		DBB75D47D9A934EB5765E5FE = {isa = PBXFileReference; lastKnownFileType = text.json; path = "01-partial.json"; sourceTree = "<group>"; };
		DCC511A6C975A2B3F4070938 = {isa = PBXBuildFile; fileRef = 1AFE9EB882BE442F4C825131; };
		E0820CF1A714E3FB57A67AA8 = {isa = PBXFileReference; lastKnownFileType = sourcecode.swift; path = SavedResultsStoreTests.swift; sourceTree = "<group>"; };
		E0FFDFE97B9556A161F53ED3 = {isa = PBXBuildFile; fileRef = 4AE8C74C044B2961C51C7233; };
		E3354C944065C2FE580F0689 = {isa = PBXBuildFile; fileRef = EF400BB97314BAC99945E960; };
		E46C39E818330D3472F2C917 = {isa = PBXBuildFile; fileRef = 8EAE81CD3BDD4AB44AB5BE72; };
		E4BF3922C3EE33D15B3516D9 = {isa = PBXFileReference; lastKnownFileType = file; path = "Harir-Regular.otf"; sourceTree = "<group>"; };
		E8F175E214972F97987902E6 = {isa = PBXBuildFile; fileRef = 97D02768A250FFE02D0159E2; };
		EAE6687B2B9209E983AD92D2 = {isa = PBXSourcesBuildPhase; buildActionMask = 2147483647; files = ( AA2031000000000000000002, A21FBA16E85BF7B3C794F262, 4770FF38A3EBCA80010AB410, 858917ED5D47D949D0B2BE64, F77A453B9442C16011F9F044, ABE816384EC993FF8FA3B988, 1BD7F6BB71D3B72ABF5309A2, C7B04487BA38D1A04C416152, E3354C944065C2FE580F0689, 5C7730696AFF6F23CFCBFD54, 8952B63A4515038AE7034F34, 65730F9029357088F1B131D6, FFB8615AB08BA7BDA2B1C17B, 2F2E52AD5438D11C77B69737, 359ACE7AB052A405190F3590, BD57570CE01F1BDB61ACDC4C, 7069C7BEE0EB4D86101B375B, C5B62A356870BA2FF2C1429F, B5AF3A866BA55C068FF66FCE, 0EBAF7E1B4EAD038CD4865EC, 7E56F90F29402DE2793AB3BE, 9DCFE897F9523C4AB156E119, 0E56805635841754AA306BA4, E0FFDFE97B9556A161F53ED3, 1C95EB4C1043A0981AE21157, F3A1B8EEC5023184CF63234C, E46C39E818330D3472F2C917, B0388518C204DFBA73AF24B5, 662EC333FABDB44EBA99BC14, 4E51A4041CD8FB1127963D1C, A924011F1ED044FB58F80F67, 646776F953900637A7E32334, A2D8C4413EFE2AA35099A8E6, F04EA3AFCF8A444D8F4442B8, ); runOnlyForDeploymentPostprocessing = 0; };
		EF400BB97314BAC99945E960 = {isa = PBXFileReference; lastKnownFileType = sourcecode.swift; path = SiyaqApp.swift; sourceTree = "<group>"; };
		F3A1B8EEC5023184CF63234C = {isa = PBXBuildFile; fileRef = B4FE387301D3171529BE9D4E; };
		FA0A5DE5F8B5BF94914D78F0 = {isa = PBXFileReference; lastKnownFileType = sourcecode.swift; path = Formatting.swift; sourceTree = "<group>"; };
		FA5ACB212B37EBAA22C49EA5 = {isa = PBXBuildFile; fileRef = DBB75D47D9A934EB5765E5FE; };
		FE4327643076069C6ECFC3EA = {isa = PBXBuildFile; fileRef = 652890CD8185E133763842AE; };
		FFB8615AB08BA7BDA2B1C17B = {isa = PBXBuildFile; fileRef = 0DB927C69EF0E087AD2E2F5B; };
	};
	rootObject = 46F86FAA6BBF9AC94A7E4595;
}
